
Microsoft Visual Studio Solution File, Format Version 12.00
# Visual Studio Version 17
VisualStudioVersion = 17.14.36603.0
MinimumVisualStudioVersion = 10.0.40219.1
Project("{FAE04EC0-301F-11D3-BF4B-00C04F79EFBC}") = "NMediation", "source\NMediation\NMediation.csproj", "{1C14BCDB-603E-D4F9-7EB9-D17116B512B3}"
EndProject
Project("{2150E333-8FDC-42A3-9474-1A3956D46DE8}") = "Solution Items", "Solution Items", "{02EA681E-C7D8-13C7-8484-4AC65E1B71E8}"
	ProjectSection(SolutionItems) = preProject
		.editorconfig = .editorconfig
	EndProjectSection
EndProject
Project("{FAE04EC0-301F-11D3-BF4B-00C04F79EFBC}") = "NMediation.Tests", "tests\NMediation.Tests\NMediation.Tests.csproj", "{87421B07-637E-4B32-B379-F3F153904152}"
EndProject
Project("{FAE04EC0-301F-11D3-BF4B-00C04F79EFBC}") = "NMediation.Samples", "samples\NMediation.Samples\NMediation.Samples.csproj", "{4494E623-EE9A-42EA-9484-F88DE7D99A63}"
EndProject
Global
	GlobalSection(SolutionConfigurationPlatforms) = preSolution
		Debug|Any CPU = Debug|Any CPU
		Release|Any CPU = Release|Any CPU
	EndGlobalSection
	GlobalSection(ProjectConfigurationPlatforms) = postSolution
		{1C14BCDB-603E-D4F9-7EB9-D17116B512B3}.Debug|Any CPU.ActiveCfg = Debug|Any CPU
		{1C14BCDB-603E-D4F9-7EB9-D17116B512B3}.Debug|Any CPU.Build.0 = Debug|Any CPU
		{1C14BCDB-603E-D4F9-7EB9-D17116B512B3}.Release|Any CPU.ActiveCfg = Release|Any CPU
		{1C14BCDB-603E-D4F9-7EB9-D17116B512B3}.Release|Any CPU.Build.0 = Release|Any CPU
		{87421B07-637E-4B32-B379-F3F153904152}.Debug|Any CPU.ActiveCfg = Debug|Any CPU
		{87421B07-637E-4B32-B379-F3F153904152}.Debug|Any CPU.Build.0 = Debug|Any CPU
		{87421B07-637E-4B32-B379-F3F153904152}.Release|Any CPU.ActiveCfg = Release|Any CPU
		{87421B07-637E-4B32-B379-F3F153904152}.Release|Any CPU.Build.0 = Release|Any CPU
		{4494E623-EE9A-42EA-9484-F88DE7D99A63}.Debug|Any CPU.ActiveCfg = Debug|Any CPU
		{4494E623-EE9A-42EA-9484-F88DE7D99A63}.Debug|Any CPU.Build.0 = Debug|Any CPU
		{4494E623-EE9A-42EA-9484-F88DE7D99A63}.Release|Any CPU.ActiveCfg = Release|Any CPU
		{4494E623-EE9A-42EA-9484-F88DE7D99A63}.Release|Any CPU.Build.0 = Release|Any CPU
	EndGlobalSection
	GlobalSection(SolutionProperties) = preSolution
		HideSolutionNode = FALSE
	EndGlobalSection
	GlobalSection(ExtensibilityGlobals) = postSolution
		SolutionGuid = {C7810E80-39A5-46B7-B1D1-5B8F6A64EA0D}
	EndGlobalSection
EndGlobal
